// !$*UTF8*$!
{
	archiveVersion = 1;
	classes = {
	};
	objectVersion = 48;
	objects = {

/* Begin PBXBuildFile section */
		99B0F36920465E60000C4FAF /* AppDelegate.swift in Sources */ = {isa = PBXBuildFile; fileRef = 99B0F36820465E60000C4FAF /* AppDelegate.swift */; };
		99B0F36B20465E60000C4FAF /* ViewController.swift in Sources */ = {isa = PBXBuildFile; fileRef = 99B0F36A20465E60000C4FAF /* ViewController.swift */; };
		99B0F36E20465E60000C4FAF /* Main.storyboard in Resources */ = {isa = PBXBuildFile; fileRef = 99B0F36C20465E60000C4FAF /* Main.storyboard */; };
		99B0F37020465E60000C4FAF /* Assets.xcassets in Resources */ = {isa = PBXBuildFile; fileRef = 99B0F36F20465E60000C4FAF /* Assets.xcassets */; };
		99B0F37320465E60000C4FAF /* LaunchScreen.storyboard in Resources */ = {isa = PBXBuildFile; fileRef = 99B0F37120465E60000C4FAF /* LaunchScreen.storyboard */; };
		99B0F37E20465E60000C4FAF /* InstagramTests.swift in Sources */ = {isa = PBXBuildFile; fileRef = 99B0F37D20465E60000C4FAF /* InstagramTests.swift */; };
		99B0F38920465E60000C4FAF /* InstagramUITests.swift in Sources */ = {isa = PBXBuildFile; fileRef = 99B0F38820465E60000C4FAF /* InstagramUITests.swift */; };
/* End PBXBuildFile section */

/* Begin PBXContainerItemProxy section */
		99B0F37A20465E60000C4FAF /* PBXContainerItemProxy */ = {
			isa = PBXContainerItemProxy;
			containerPortal = 99B0F35D20465E60000C4FAF /* Project object */;
			proxyType = 1;
			remoteGlobalIDString = 99B0F36420465E60000C4FAF;
			remoteInfo = Instagram;
		};
		99B0F38520465E60000C4FAF /* PBXContainerItemProxy */ = {
			isa = PBXContainerItemProxy;
			containerPortal = 99B0F35D20465E60000C4FAF /* Project object */;
			proxyType = 1;
			remoteGlobalIDString = 99B0F36420465E60000C4FAF;
			remoteInfo = Instagram;
		};
/* End PBXContainerItemProxy section */

/* Begin PBXFileReference section */
		99B0F36520465E60000C4FAF /* Instagram.app */ = {isa = PBXFileReference; explicitFileType = wrapper.application; includeInIndex = 0; path = Instagram.app; sourceTree = BUILT_PRODUCTS_DIR; };
		99B0F36820465E60000C4FAF /* AppDelegate.swift */ = {isa = PBXFileReference; lastKnownFileType = sourcecode.swift; path = AppDelegate.swift; sourceTree = "<group>"; };
		99B0F36A20465E60000C4FAF /* ViewController.swift */ = {isa = PBXFileReference; lastKnownFileType = sourcecode.swift; path = ViewController.swift; sourceTree = "<group>"; };
		99B0F36D20465E60000C4FAF /* Base */ = {isa = PBXFileReference; lastKnownFileType = file.storyboard; name = Base; path = Base.lproj/Main.storyboard; sourceTree = "<group>"; };
		99B0F36F20465E60000C4FAF /* Assets.xcassets */ = {isa = PBXFileReference; lastKnownFileType = folder.assetcatalog; path = Assets.xcassets; sourceTree = "<group>"; };
		99B0F37220465E60000C4FAF /* Base */ = {isa = PBXFileReference; lastKnownFileType = file.storyboard; name = Base; path = Base.lproj/LaunchScreen.storyboard; sourceTree = "<group>"; };
		99B0F37420465E60000C4FAF /* Info.plist */ = {isa = PBXFileReference; lastKnownFileType = text.plist.xml; path = Info.plist; sourceTree = "<group>"; };
		99B0F37920465E60000C4FAF /* InstagramTests.xctest */ = {isa = PBXFileReference; explicitFileType = wrapper.cfbundle; includeInIndex = 0; path = InstagramTests.xctest; sourceTree = BUILT_PRODUCTS_DIR; };
		99B0F37D20465E60000C4FAF /* InstagramTests.swift */ = {isa = PBXFileReference; lastKnownFileType = sourcecode.swift; path = InstagramTests.swift; sourceTree = "<group>"; };
		99B0F37F20465E60000C4FAF /* Info.plist */ = {isa = PBXFileReference; lastKnownFileType = text.plist.xml; path = Info.plist; sourceTree = "<group>"; };
		99B0F38420465E60000C4FAF /* InstagramUITests.xctest */ = {isa = PBXFileReference; explicitFileType = wrapper.cfbundle; includeInIndex = 0; path = InstagramUITests.xctest; sourceTree = BUILT_PRODUCTS_DIR; };
		99B0F38820465E60000C4FAF /* InstagramUITests.swift */ = {isa = PBXFileReference; lastKnownFileType = sourcecode.swift; path = InstagramUITests.swift; sourceTree = "<group>"; };
		99B0F38A20465E60000C4FAF /* Info.plist */ = {isa = PBXFileReference; lastKnownFileType = text.plist.xml; path = Info.plist; sourceTree = "<group>"; };
/* End PBXFileReference section */

/* Begin PBXFrameworksBuildPhase section */
		99B0F36220465E60000C4FAF /* Frameworks */ = {
			isa = PBXFrameworksBuildPhase;
			buildActionMask = 2147483647;
			files = (
			);
			runOnlyForDeploymentPostprocessing = 0;
		};
		99B0F37620465E60000C4FAF /* Frameworks */ = {
			isa = PBXFrameworksBuildPhase;
			buildActionMask = 2147483647;
			files = (
			);
			runOnlyForDeploymentPostprocessing = 0;
		};
		99B0F38120465E60000C4FAF /* Frameworks */ = {
			isa = PBXFrameworksBuildPhase;
			buildActionMask = 2147483647;
			files = (
			);
			runOnlyForDeploymentPostprocessing = 0;
		};
/* End PBXFrameworksBuildPhase section */

/* Begin PBXGroup section */
		99B0F35C20465E60000C4FAF = {
			isa = PBXGroup;
			children = (
				99B0F36720465E60000C4FAF /* Instagram */,
				99B0F37C20465E60000C4FAF /* InstagramTests */,
				99B0F38720465E60000C4FAF /* InstagramUITests */,
				99B0F36620465E60000C4FAF /* Products */,
			);
			sourceTree = "<group>";
		};
		99B0F36620465E60000C4FAF /* Products */ = {
			isa = PBXGroup;
			children = (
				99B0F36520465E60000C4FAF /* Instagram.app */,
				99B0F37920465E60000C4FAF /* InstagramTests.xctest */,
				99B0F38420465E60000C4FAF /* InstagramUITests.xctest */,
			);
			name = Products;
			sourceTree = "<group>";
		};
		99B0F36720465E60000C4FAF /* Instagram */ = {
			isa = PBXGroup;
			children = (
				99B0F36820465E60000C4FAF /* AppDelegate.swift */,
				99B0F36A20465E60000C4FAF /* ViewController.swift */,
				99B0F36C20465E60000C4FAF /* Main.storyboard */,
				99B0F36F20465E60000C4FAF /* Assets.xcassets */,
				99B0F37120465E60000C4FAF /* LaunchScreen.storyboard */,
				99B0F37420465E60000C4FAF /* Info.plist */,
			);
			path = Instagram;
			sourceTree = "<group>";
		};
		99B0F37C20465E60000C4FAF /* InstagramTests */ = {
			isa = PBXGroup;
			children = (
				99B0F37D20465E60000C4FAF /* InstagramTests.swift */,
				99B0F37F20465E60000C4FAF /* Info.plist */,
			);
			path = InstagramTests;
			sourceTree = "<group>";
		};
		99B0F38720465E60000C4FAF /* InstagramUITests */ = {
			isa = PBXGroup;
			children = (
				99B0F38820465E60000C4FAF /* InstagramUITests.swift */,
				99B0F38A20465E60000C4FAF /* Info.plist */,
			);
			path = InstagramUITests;
			sourceTree = "<group>";
		};
/* End PBXGroup section */

/* Begin PBXNativeTarget section */
		99B0F36420465E60000C4FAF /* Instagram */ = {
			isa = PBXNativeTarget;
			buildConfigurationList = 99B0F38D20465E60000C4FAF /* Build configuration list for PBXNativeTarget "Instagram" */;
			buildPhases = (
				99B0F36120465E60000C4FAF /* Sources */,
				99B0F36220465E60000C4FAF /* Frameworks */,
				99B0F36320465E60000C4FAF /* Resources */,
			);
			buildRules = (
			);
			dependencies = (
			);
			name = Instagram;
			productName = Instagram;
			productReference = 99B0F36520465E60000C4FAF /* Instagram.app */;
			productType = "com.apple.product-type.application";
		};
		99B0F37820465E60000C4FAF /* InstagramTests */ = {
			isa = PBXNativeTarget;
			buildConfigurationList = 99B0F39020465E60000C4FAF /* Build configuration list for PBXNativeTarget "InstagramTests" */;
			buildPhases = (
				99B0F37520465E60000C4FAF /* Sources */,
				99B0F37620465E60000C4FAF /* Frameworks */,
				99B0F37720465E60000C4FAF /* Resources */,
			);
			buildRules = (
			);
			dependencies = (
				99B0F37B20465E60000C4FAF /* PBXTargetDependency */,
			);
			name = InstagramTests;
			productName = InstagramTests;
			productReference = 99B0F37920465E60000C4FAF /* InstagramTests.xctest */;
			productType = "com.apple.product-type.bundle.unit-test";
		};
		99B0F38320465E60000C4FAF /* InstagramUITests */ = {
			isa = PBXNativeTarget;
			buildConfigurationList = 99B0F39320465E60000C4FAF /* Build configuration list for PBXNativeTarget "InstagramUITests" */;
			buildPhases = (
				99B0F38020465E60000C4FAF /* Sources */,
				99B0F38120465E60000C4FAF /* Frameworks */,
				99B0F38220465E60000C4FAF /* Resources */,
			);
			buildRules = (
			);
			dependencies = (
				99B0F38620465E60000C4FAF /* PBXTargetDependency */,
			);
			name = InstagramUITests;
			productName = InstagramUITests;
			productReference = 99B0F38420465E60000C4FAF /* InstagramUITests.xctest */;
			productType = "com.apple.product-type.bundle.ui-testing";
		};
/* End PBXNativeTarget section */

/* Begin PBXProject section */
		99B0F35D20465E60000C4FAF /* Project object */ = {
			isa = PBXProject;
			attributes = {
				LastSwiftUpdateCheck = 0920;
				LastUpgradeCheck = 0920;
				ORGANIZATIONNAME = "Juan Bravo";
				TargetAttributes = {
					99B0F36420465E60000C4FAF = {
						CreatedOnToolsVersion = 9.2;
						ProvisioningStyle = Automatic;
					};
					99B0F37820465E60000C4FAF = {
						CreatedOnToolsVersion = 9.2;
						ProvisioningStyle = Automatic;
						TestTargetID = 99B0F36420465E60000C4FAF;
					};
					99B0F38320465E60000C4FAF = {
						CreatedOnToolsVersion = 9.2;
						ProvisioningStyle = Automatic;
						TestTargetID = 99B0F36420465E60000C4FAF;
					};
				};
			};
			buildConfigurationList = 99B0F36020465E60000C4FAF /* Build configuration list for PBXProject "Instagram" */;
			compatibilityVersion = "Xcode 8.0";
			developmentRegion = en;
			hasScannedForEncodings = 0;
			knownRegions = (
				en,
				Base,
			);
			mainGroup = 99B0F35C20465E60000C4FAF;
			productRefGroup = 99B0F36620465E60000C4FAF /* Products */;
			projectDirPath = "";
			projectRoot = "";
			targets = (
				99B0F36420465E60000C4FAF /* Instagram */,
				99B0F37820465E60000C4FAF /* InstagramTests */,
				99B0F38320465E60000C4FAF /* InstagramUITests */,
			);
		};
/* End PBXProject section */

/* Begin PBXResourcesBuildPhase section */
		99B0F36320465E60000C4FAF /* Resources */ = {
			isa = PBXResourcesBuildPhase;
			buildActionMask = 2147483647;
			files = (
				99B0F37320465E60000C4FAF /* LaunchScreen.storyboard in Resources */,
				99B0F37020465E60000C4FAF /* Assets.xcassets in Resources */,
				99B0F36E20465E60000C4FAF /* Main.storyboard in Resources */,
			);
			runOnlyForDeploymentPostprocessing = 0;
		};
		99B0F37720465E60000C4FAF /* Resources */ = {
			isa = PBXResourcesBuildPhase;
			buildActionMask = 2147483647;
			files = (
			);
			runOnlyForDeploymentPostprocessing = 0;
		};
		99B0F38220465E60000C4FAF /* Resources */ = {
			isa = PBXResourcesBuildPhase;
			buildActionMask = 2147483647;
			files = (
			);
			runOnlyForDeploymentPostprocessing = 0;
		};
/* End PBXResourcesBuildPhase section */

/* Begin PBXSourcesBuildPhase section */
		99B0F36120465E60000C4FAF /* Sources */ = {
			isa = PBXSourcesBuildPhase;
			buildActionMask = 2147483647;
			files = (
				99B0F36B20465E60000C4FAF /* ViewController.swift in Sources */,
				99B0F36920465E60000C4FAF /* AppDelegate.swift in Sources */,
			);
			runOnlyForDeploymentPostprocessing = 0;
		};
		99B0F37520465E60000C4FAF /* Sources */ = {
			isa = PBXSourcesBuildPhase;
			buildActionMask = 2147483647;
			files = (
				99B0F37E20465E60000C4FAF /* InstagramTests.swift in Sources */,
			);
			runOnlyForDeploymentPostprocessing = 0;
		};
		99B0F38020465E60000C4FAF /* Sources */ = {
			isa = PBXSourcesBuildPhase;
			buildActionMask = 2147483647;
			files = (
				99B0F38920465E60000C4FAF /* InstagramUITests.swift in Sources */,
			);
			runOnlyForDeploymentPostprocessing = 0;
		};
/* End PBXSourcesBuildPhase section */

/* Begin PBXTargetDependency section */
		99B0F37B20465E60000C4FAF /* PBXTargetDependency */ = {
			isa = PBXTargetDependency;
			target = 99B0F36420465E60000C4FAF /* Instagram */;
			targetProxy = 99B0F37A20465E60000C4FAF /* PBXContainerItemProxy */;
		};
		99B0F38620465E60000C4FAF /* PBXTargetDependency */ = {
			isa = PBXTargetDependency;
			target = 99B0F36420465E60000C4FAF /* Instagram */;
			targetProxy = 99B0F38520465E60000C4FAF /* PBXContainerItemProxy */;
		};
/* End PBXTargetDependency section */

/* Begin PBXVariantGroup section */
		99B0F36C20465E60000C4FAF /* Main.storyboard */ = {
			isa = PBXVariantGroup;
			children = (
				99B0F36D20465E60000C4FAF /* Base */,
			);
			name = Main.storyboard;
			sourceTree = "<group>";
		};
		99B0F37120465E60000C4FAF /* LaunchScreen.storyboard */ = {
			isa = PBXVariantGroup;
			children = (
				99B0F37220465E60000C4FAF /* Base */,
			);
			name = LaunchScreen.storyboard;
			sourceTree = "<group>";
		};
/* End PBXVariantGroup section */

/* Begin XCBuildConfiguration section */
		99B0F38B20465E60000C4FAF /* Debug */ = {
			isa = XCBuildConfiguration;
			buildSettings = {
				ALWAYS_SEARCH_USER_PATHS = NO;
				CLANG_ANALYZER_NONNULL = YES;
				CLANG_ANALYZER_NUMBER_OBJECT_CONVERSION = YES_AGGRESSIVE;
				CLANG_CXX_LANGUAGE_STANDARD = "gnu++14";
				CLANG_CXX_LIBRARY = "libc++";
				CLANG_ENABLE_MODULES = YES;
				CLANG_ENABLE_OBJC_ARC = YES;
				CLANG_WARN_BLOCK_CAPTURE_AUTORELEASING = YES;
				CLANG_WARN_BOOL_CONVERSION = YES;
				CLANG_WARN_COMMA = YES;
				CLANG_WARN_CONSTANT_CONVERSION = YES;
				CLANG_WARN_DIRECT_OBJC_ISA_USAGE = YES_ERROR;
				CLANG_WARN_DOCUMENTATION_COMMENTS = YES;
				CLANG_WARN_EMPTY_BODY = YES;
				CLANG_WARN_ENUM_CONVERSION = YES;
				CLANG_WARN_INFINITE_RECURSION = YES;
				CLANG_WARN_INT_CONVERSION = YES;
				CLANG_WARN_NON_LITERAL_NULL_CONVERSION = YES;
				CLANG_WARN_OBJC_LITERAL_CONVERSION = YES;
				CLANG_WARN_OBJC_ROOT_CLASS = YES_ERROR;
				CLANG_WARN_RANGE_LOOP_ANALYSIS = YES;
				CLANG_WARN_STRICT_PROTOTYPES = YES;
				CLANG_WARN_SUSPICIOUS_MOVE = YES;
				CLANG_WARN_UNGUARDED_AVAILABILITY = YES_AGGRESSIVE;
				CLANG_WARN_UNREACHABLE_CODE = YES;
				CLANG_WARN__DUPLICATE_METHOD_MATCH = YES;
				CODE_SIGN_IDENTITY = "iPhone Developer";
				COPY_PHASE_STRIP = NO;
				DEBUG_INFORMATION_FORMAT = dwarf;
				ENABLE_STRICT_OBJC_MSGSEND = YES;
				ENABLE_TESTABILITY = YES;
				GCC_C_LANGUAGE_STANDARD = gnu11;
				GCC_DYNAMIC_NO_PIC = NO;
				GCC_NO_COMMON_BLOCKS = YES;
				GCC_OPTIMIZATION_LEVEL = 0;
				GCC_PREPROCESSOR_DEFINITIONS = (
					"DEBUG=1",
					"$(inherited)",
				);
				GCC_WARN_64_TO_32_BIT_CONVERSION = YES;
				GCC_WARN_ABOUT_RETURN_TYPE = YES_ERROR;
				GCC_WARN_UNDECLARED_SELECTOR = YES;
				GCC_WARN_UNINITIALIZED_AUTOS = YES_AGGRESSIVE;
				GCC_WARN_UNUSED_FUNCTION = YES;
				GCC_WARN_UNUSED_VARIABLE = YES;
				IPHONEOS_DEPLOYMENT_TARGET = 11.2;
				MTL_ENABLE_DEBUG_INFO = YES;
				ONLY_ACTIVE_ARCH = YES;
				SDKROOT = iphoneos;
				SWIFT_ACTIVE_COMPILATION_CONDITIONS = DEBUG;
				SWIFT_OPTIMIZATION_LEVEL = "-Onone";
			};
			name = Debug;
		};
		99B0F38C20465E60000C4FAF /* Release */ = {
			isa = XCBuildConfiguration;
			buildSettings = {
				ALWAYS_SEARCH_USER_PATHS = NO;
				CLANG_ANALYZER_NONNULL = YES;
				CLANG_ANALYZER_NUMBER_OBJECT_CONVERSION = YES_AGGRESSIVE;
				CLANG_CXX_LANGUAGE_STANDARD = "gnu++14";
				CLANG_CXX_LIBRARY = "libc++";
				CLANG_ENABLE_MODULES = YES;
				CLANG_ENABLE_OBJC_ARC = YES;
				CLANG_WARN_BLOCK_CAPTURE_AUTORELEASING = YES;
				CLANG_WARN_BOOL_CONVERSION = YES;
				CLANG_WARN_COMMA = YES;
				CLANG_WARN_CONSTANT_CONVERSION = YES;
				CLANG_WARN_DIRECT_OBJC_ISA_USAGE = YES_ERROR;
				CLANG_WARN_DOCUMENTATION_COMMENTS = YES;
				CLANG_WARN_EMPTY_BODY = YES;
				CLANG_WARN_ENUM_CONVERSION = YES;
				CLANG_WARN_INFINITE_RECURSION = YES;
				CLANG_WARN_INT_CONVERSION = YES;
				CLANG_WARN_NON_LITERAL_NULL_CONVERSION = YES;
				CLANG_WARN_OBJC_LITERAL_CONVERSION = YES;
				CLANG_WARN_OBJC_ROOT_CLASS = YES_ERROR;
				CLANG_WARN_RANGE_LOOP_ANALYSIS = YES;
				CLANG_WARN_STRICT_PROTOTYPES = YES;
				CLANG_WARN_SUSPICIOUS_MOVE = YES;
				CLANG_WARN_UNGUARDED_AVAILABILITY = YES_AGGRESSIVE;
				CLANG_WARN_UNREACHABLE_CODE = YES;
				CLANG_WARN__DUPLICATE_METHOD_MATCH = YES;
				CODE_SIGN_IDENTITY = "iPhone Developer";
				COPY_PHASE_STRIP = NO;
				DEBUG_INFORMATION_FORMAT = "dwarf-with-dsym";
				ENABLE_NS_ASSERTIONS = NO;
				ENABLE_STRICT_OBJC_MSGSEND = YES;
				GCC_C_LANGUAGE_STANDARD = gnu11;
				GCC_NO_COMMON_BLOCKS = YES;
				GCC_WARN_64_TO_32_BIT_CONVERSION = YES;
				GCC_WARN_ABOUT_RETURN_TYPE = YES_ERROR;
				GCC_WARN_UNDECLARED_SELECTOR = YES;
				GCC_WARN_UNINITIALIZED_AUTOS = YES_AGGRESSIVE;
				GCC_WARN_UNUSED_FUNCTION = YES;
				GCC_WARN_UNUSED_VARIABLE = YES;
				IPHONEOS_DEPLOYMENT_TARGET = 11.2;
				MTL_ENABLE_DEBUG_INFO = NO;
				SDKROOT = iphoneos;
				SWIFT_OPTIMIZATION_LEVEL = "-Owholemodule";
				VALIDATE_PRODUCT = YES;
			};
			name = Release;
		};
		99B0F38E20465E60000C4FAF /* Debug */ = {
			isa = XCBuildConfiguration;
			buildSettings = {
				ASSETCATALOG_COMPILER_APPICON_NAME = AppIcon;
				CODE_SIGN_STYLE = Automatic;
				DEVELOPMENT_TEAM = 756KAMR6ER;
				INFOPLIST_FILE = Instagram/Info.plist;
				LD_RUNPATH_SEARCH_PATHS = "$(inherited) @executable_path/Frameworks";
				PRODUCT_BUNDLE_IDENTIFIER = com.yourcompany.Instagram;
				PRODUCT_NAME = "$(TARGET_NAME)";
				SWIFT_VERSION = 4.0;
				TARGETED_DEVICE_FAMILY = "1,2";
			};
			name = Debug;
		};
		99B0F38F20465E60000C4FAF /* Release */ = {
			isa = XCBuildConfiguration;
			buildSettings = {
				ASSETCATALOG_COMPILER_APPICON_NAME = AppIcon;
				CODE_SIGN_STYLE = Automatic;
				DEVELOPMENT_TEAM = 756KAMR6ER;
				INFOPLIST_FILE = Instagram/Info.plist;
				LD_RUNPATH_SEARCH_PATHS = "$(inherited) @executable_path/Frameworks";
				PRODUCT_BUNDLE_IDENTIFIER = com.yourcompany.Instagram;
				PRODUCT_NAME = "$(TARGET_NAME)";
				SWIFT_VERSION = 4.0;
				TARGETED_DEVICE_FAMILY = "1,2";
			};
			name = Release;
		};
		99B0F39120465E60000C4FAF /* Debug */ = {
			isa = XCBuildConfiguration;
			buildSettings = {
				ALWAYS_EMBED_SWIFT_STANDARD_LIBRARIES = YES;
				BUNDLE_LOADER = "$(TEST_HOST)";
				CODE_SIGN_STYLE = Automatic;
				DEVELOPMENT_TEAM = 756KAMR6ER;
				INFOPLIST_FILE = InstagramTests/Info.plist;
				LD_RUNPATH_SEARCH_PATHS = "$(inherited) @executable_path/Frameworks @loader_path/Frameworks";
				PRODUCT_BUNDLE_IDENTIFIER = com.yourcompany.InstagramTests;
				PRODUCT_NAME = "$(TARGET_NAME)";
				SWIFT_VERSION = 4.0;
				TARGETED_DEVICE_FAMILY = "1,2";
				TEST_HOST = "$(BUILT_PRODUCTS_DIR)/Instagram.app/Instagram";
			};
			name = Debug;
		};
		99B0F39220465E60000C4FAF /* Release */ = {
			isa = XCBuildConfiguration;
			buildSettings = {
				ALWAYS_EMBED_SWIFT_STANDARD_LIBRARIES = YES;
				BUNDLE_LOADER = "$(TEST_HOST)";
				CODE_SIGN_STYLE = Automatic;
				DEVELOPMENT_TEAM = 756KAMR6ER;
				INFOPLIST_FILE = InstagramTests/Info.plist;
				LD_RUNPATH_SEARCH_PATHS = "$(inherited) @executable_path/Frameworks @loader_path/Frameworks";
				PRODUCT_BUNDLE_IDENTIFIER = com.yourcompany.InstagramTests;
				PRODUCT_NAME = "$(TARGET_NAME)";
				SWIFT_VERSION = 4.0;
				TARGETED_DEVICE_FAMILY = "1,2";
				TEST_HOST = "$(BUILT_PRODUCTS_DIR)/Instagram.app/Instagram";
			};
			name = Release;
		};
		99B0F39420465E60000C4FAF /* Debug */ = {
			isa = XCBuildConfiguration;
			buildSettings = {
				ALWAYS_EMBED_SWIFT_STANDARD_LIBRARIES = YES;
				CODE_SIGN_STYLE = Automatic;
				DEVELOPMENT_TEAM = 756KAMR6ER;
				INFOPLIST_FILE = InstagramUITests/Info.plist;
				LD_RUNPATH_SEARCH_PATHS = "$(inherited) @executable_path/Frameworks @loader_path/Frameworks";
				PRODUCT_BUNDLE_IDENTIFIER = com.yourcompany.InstagramUITests;
				PRODUCT_NAME = "$(TARGET_NAME)";
				SWIFT_VERSION = 4.0;
				TARGETED_DEVICE_FAMILY = "1,2";
				TEST_TARGET_NAME = Instagram;
			};
			name = Debug;
		};
		99B0F39520465E60000C4FAF /* Release */ = {
			isa = XCBuildConfiguration;
			buildSettings = {
				ALWAYS_EMBED_SWIFT_STANDARD_LIBRARIES = YES;
				CODE_SIGN_STYLE = Automatic;
				DEVELOPMENT_TEAM = 756KAMR6ER;
				INFOPLIST_FILE = InstagramUITests/Info.plist;
				LD_RUNPATH_SEARCH_PATHS = "$(inherited) @executable_path/Frameworks @loader_path/Frameworks";
				PRODUCT_BUNDLE_IDENTIFIER = com.yourcompany.InstagramUITests;
				PRODUCT_NAME = "$(TARGET_NAME)";
				SWIFT_VERSION = 4.0;
				TARGETED_DEVICE_FAMILY = "1,2";
				TEST_TARGET_NAME = Instagram;
			};
			name = Release;
		};
/* End XCBuildConfiguration section */

/* Begin XCConfigurationList section */
		99B0F36020465E60000C4FAF /* Build configuration list for PBXProject "Instagram" */ = {
			isa = XCConfigurationList;
			buildConfigurations = (
				99B0F38B20465E60000C4FAF /* Debug */,
				99B0F38C20465E60000C4FAF /* Release */,
			);
			defaultConfigurationIsVisible = 0;
			defaultConfigurationName = Release;
		};
		99B0F38D20465E60000C4FAF /* Build configuration list for PBXNativeTarget "Instagram" */ = {
			isa = XCConfigurationList;
			buildConfigurations = (
				99B0F38E20465E60000C4FAF /* Debug */,
				99B0F38F20465E60000C4FAF /* Release */,
			);
			defaultConfigurationIsVisible = 0;
			defaultConfigurationName = Release;
		};
		99B0F39020465E60000C4FAF /* Build configuration list for PBXNativeTarget "InstagramTests" */ = {
			isa = XCConfigurationList;
			buildConfigurations = (
				99B0F39120465E60000C4FAF /* Debug */,
				99B0F39220465E60000C4FAF /* Release */,
			);
			defaultConfigurationIsVisible = 0;
			defaultConfigurationName = Release;
		};
		99B0F39320465E60000C4FAF /* Build configuration list for PBXNativeTarget "InstagramUITests" */ = {
			isa = XCConfigurationList;
			buildConfigurations = (
				99B0F39420465E60000C4FAF /* Debug */,
				99B0F39520465E60000C4FAF /* Release */,
			);
			defaultConfigurationIsVisible = 0;
			defaultConfigurationName = Release;
		};
/* End XCConfigurationList section */
	};
	rootObject = 99B0F35D20465E60000C4FAF /* Project object */;
}
